{
  "name": "@hn3000/metamodel-react",
  "version": "1.0.0-alpha1",
  "lockfileVersion": 1,
  "requires": true,
  "dependencies": {
    "@hn3000/json-ref": {
      "version": "0.9.1",
      "resolved": "https://registry.npmjs.org/@hn3000/json-ref/-/json-ref-0.9.1.tgz",
      "integrity": "sha512-mC2u4o4S9ahLtMyUkVob441ZI0vLO/4bRx/KeLJoLZn7cjBRWuXdlyvWqlLykWoy3HRiRs9i4y9hGph1nuyTzg==",
      "requires": {
        "isomorphic-fetch": "2.2.1"
      }
    },
    "@hn3000/metamodel": {
      "version": "0.9.1",
      "resolved": "https://registry.npmjs.org/@hn3000/metamodel/-/metamodel-0.9.1.tgz",
      "integrity": "sha512-U6bkJ34B6uA3uukrW12NHFdRGZbxZAErDpVG/Z8PW+GJf5IzQ5Fu7DxlvgTRgxM3zKpa8GZOnjMTbfoeXlX/0Q==",
      "requires": {
        "@hn3000/json-ref": "0.9.1",
        "isomorphic-fetch": "2.2.1"
      }
    },
    "@types/prop-types": {
      "version": "https://registry.npmjs.org/@types/prop-types/-/prop-types-15.5.1.tgz",
      "integrity": "sha1-Hs9SYhKZ5luFU3Qzf7Ef0tEGb8E=",
      "dev": true
    },
    "@types/react": {
      "version": "15.0.32",
      "resolved": "https://registry.npmjs.org/@types/react/-/react-15.0.32.tgz",
      "integrity": "sha512-e5UU8p3Nh7JypLn2n8IIzA8fBvj/rKnAg4vV4RlMWCrXbBR42Y8S8qQ3Cx9pi9KQ5tzWbQuVlYM9yQDMf9xUZA==",
      "dev": true
    },
    "@types/react-dom": {
      "version": "15.5.1",
      "resolved": "https://registry.npmjs.org/@types/react-dom/-/react-dom-15.5.1.tgz",
      "integrity": "sha512-4c+e/QPfvSa48YhgGOcQWoHishTo6BuJqka0Bh8qeLdnK1jS+1Nz8W/w1G17AIjtLxONYFUqmi8qyt+8p/yMFA==",
      "dev": true,
      "requires": {
        "@types/react": "15.0.32"
      }
    },
    "create-react-class": {
      "version": "15.6.0",
      "resolved": "https://registry.npmjs.org/create-react-class/-/create-react-class-15.6.0.tgz",
      "integrity": "sha1-q0SEl8JlZuHilBPogyB9V8/nvtQ=",
      "requires": {
        "fbjs": "https://registry.npmjs.org/fbjs/-/fbjs-0.8.12.tgz",
        "loose-envify": "https://registry.npmjs.org/loose-envify/-/loose-envify-1.3.1.tgz",
        "object-assign": "https://registry.npmjs.org/object-assign/-/object-assign-4.1.1.tgz"
      },
      "dependencies": {
        "asap": {
          "version": "https://registry.npmjs.org/asap/-/asap-2.0.6.tgz",
          "integrity": "sha1-5QNHYR1+aQlDIIu9r+vLwvuGbUY="
        },
        "core-js": {
          "version": "https://registry.npmjs.org/core-js/-/core-js-1.2.7.tgz",
          "integrity": "sha1-ZSKUwUZR2yj6k70tX/KYOk8IxjY="
        },
        "fbjs": {
          "version": "https://registry.npmjs.org/fbjs/-/fbjs-0.8.12.tgz",
          "integrity": "sha1-ELXZL3bUVXX9Y6IX1OoCvqL47QQ=",
          "requires": {
            "core-js": "https://registry.npmjs.org/core-js/-/core-js-1.2.7.tgz",
            "isomorphic-fetch": "2.2.1",
            "loose-envify": "https://registry.npmjs.org/loose-envify/-/loose-envify-1.3.1.tgz",
            "object-assign": "https://registry.npmjs.org/object-assign/-/object-assign-4.1.1.tgz",
            "promise": "https://registry.npmjs.org/promise/-/promise-7.3.1.tgz",
            "setimmediate": "https://registry.npmjs.org/setimmediate/-/setimmediate-1.0.5.tgz",
            "ua-parser-js": "https://registry.npmjs.org/ua-parser-js/-/ua-parser-js-0.7.13.tgz"
          }
        },
        "js-tokens": {
          "version": "https://registry.npmjs.org/js-tokens/-/js-tokens-3.0.2.tgz",
          "integrity": "sha1-mGbfOVECEw449/mWvOtlRDIJwls="
        },
        "loose-envify": {
          "version": "https://registry.npmjs.org/loose-envify/-/loose-envify-1.3.1.tgz",
          "integrity": "sha1-0aitM/qc4OcT1l/dCsi3SNR4yEg=",
          "requires": {
            "js-tokens": "https://registry.npmjs.org/js-tokens/-/js-tokens-3.0.2.tgz"
          }
        },
        "object-assign": {
          "version": "https://registry.npmjs.org/object-assign/-/object-assign-4.1.1.tgz",
          "integrity": "sha1-IQmtx5ZYh8/AXLvUQsrIv7s2CGM="
        },
        "promise": {
          "version": "https://registry.npmjs.org/promise/-/promise-7.3.1.tgz",
          "integrity": "sha1-BktyYCsY+Q8pGSuLG8QY/9Hr078=",
          "requires": {
            "asap": "https://registry.npmjs.org/asap/-/asap-2.0.6.tgz"
          }
        },
        "setimmediate": {
          "version": "https://registry.npmjs.org/setimmediate/-/setimmediate-1.0.5.tgz",
          "integrity": "sha1-KQy7Iy4waULX1+qbg3Mqt4VvgoU="
        },
        "ua-parser-js": {
          "version": "https://registry.npmjs.org/ua-parser-js/-/ua-parser-js-0.7.13.tgz",
          "integrity": "sha1-zZ3S+GSTs/RNvu7zeA/adMXuFL4="
        }
      }
    },
    "isomorphic-fetch": {
      "version": "2.2.1",
      "resolved": "https://registry.npmjs.org/isomorphic-fetch/-/isomorphic-fetch-2.2.1.tgz",
      "integrity": "sha1-YRrhrPFPXoH3KVB0coGf6XM1WKk=",
      "requires": {
        "node-fetch": "https://registry.npmjs.org/node-fetch/-/node-fetch-1.7.1.tgz",
        "whatwg-fetch": "https://registry.npmjs.org/whatwg-fetch/-/whatwg-fetch-2.0.3.tgz"
      },
      "dependencies": {
        "encoding": {
          "version": "https://registry.npmjs.org/encoding/-/encoding-0.1.12.tgz",
          "integrity": "sha1-U4tm8+5izRq1HsMjgp0flIDHS+s=",
          "requires": {
            "iconv-lite": "https://registry.npmjs.org/iconv-lite/-/iconv-lite-0.4.18.tgz"
          }
        },
        "iconv-lite": {
          "version": "https://registry.npmjs.org/iconv-lite/-/iconv-lite-0.4.18.tgz",
          "integrity": "sha1-I9hlaxaq5nQqwpcy6o8DNqR4nPI="
        },
        "is-stream": {
          "version": "https://registry.npmjs.org/is-stream/-/is-stream-1.1.0.tgz",
          "integrity": "sha1-EtSj3U5o4Lec6428hBc66A2RykQ="
        },
        "node-fetch": {
          "version": "https://registry.npmjs.org/node-fetch/-/node-fetch-1.7.1.tgz",
          "integrity": "sha1-iZyz0KPJL5UsR/G4dvTIrqvUANU=",
          "requires": {
            "encoding": "https://registry.npmjs.org/encoding/-/encoding-0.1.12.tgz",
            "is-stream": "https://registry.npmjs.org/is-stream/-/is-stream-1.1.0.tgz"
          }
        },
        "whatwg-fetch": {
          "version": "https://registry.npmjs.org/whatwg-fetch/-/whatwg-fetch-2.0.3.tgz",
          "integrity": "sha1-nITsLc9oGH/wC8ZOEnS0QhduHIQ="
        }
      }
    },
    "prop-types": {
      "version": "https://registry.npmjs.org/prop-types/-/prop-types-15.5.10.tgz",
      "integrity": "sha1-J5ffwxJhguOpXj37suiT3ddFYVQ=",
      "dev": true,
      "requires": {
        "fbjs": "https://registry.npmjs.org/fbjs/-/fbjs-0.8.12.tgz",
        "loose-envify": "https://registry.npmjs.org/loose-envify/-/loose-envify-1.3.1.tgz"
      },
      "dependencies": {
        "asap": {
          "version": "https://registry.npmjs.org/asap/-/asap-2.0.6.tgz",
          "integrity": "sha1-5QNHYR1+aQlDIIu9r+vLwvuGbUY=",
          "dev": true
        },
        "core-js": {
          "version": "https://registry.npmjs.org/core-js/-/core-js-1.2.7.tgz",
          "integrity": "sha1-ZSKUwUZR2yj6k70tX/KYOk8IxjY=",
          "dev": true
        },
        "fbjs": {
          "version": "https://registry.npmjs.org/fbjs/-/fbjs-0.8.12.tgz",
          "integrity": "sha1-ELXZL3bUVXX9Y6IX1OoCvqL47QQ=",
          "dev": true,
          "requires": {
            "core-js": "https://registry.npmjs.org/core-js/-/core-js-1.2.7.tgz",
            "isomorphic-fetch": "2.2.1",
            "loose-envify": "https://registry.npmjs.org/loose-envify/-/loose-envify-1.3.1.tgz",
            "object-assign": "https://registry.npmjs.org/object-assign/-/object-assign-4.1.1.tgz",
            "promise": "https://registry.npmjs.org/promise/-/promise-7.3.1.tgz",
            "setimmediate": "https://registry.npmjs.org/setimmediate/-/setimmediate-1.0.5.tgz",
            "ua-parser-js": "https://registry.npmjs.org/ua-parser-js/-/ua-parser-js-0.7.13.tgz"
          }
        },
        "js-tokens": {
          "version": "https://registry.npmjs.org/js-tokens/-/js-tokens-3.0.2.tgz",
          "integrity": "sha1-mGbfOVECEw449/mWvOtlRDIJwls=",
          "dev": true
        },
        "loose-envify": {
          "version": "https://registry.npmjs.org/loose-envify/-/loose-envify-1.3.1.tgz",
          "integrity": "sha1-0aitM/qc4OcT1l/dCsi3SNR4yEg=",
          "dev": true,
          "requires": {
            "js-tokens": "https://registry.npmjs.org/js-tokens/-/js-tokens-3.0.2.tgz"
          }
        },
        "object-assign": {
          "version": "https://registry.npmjs.org/object-assign/-/object-assign-4.1.1.tgz",
          "integrity": "sha1-IQmtx5ZYh8/AXLvUQsrIv7s2CGM=",
          "dev": true
        },
        "promise": {
          "version": "https://registry.npmjs.org/promise/-/promise-7.3.1.tgz",
          "integrity": "sha1-BktyYCsY+Q8pGSuLG8QY/9Hr078=",
          "dev": true,
          "requires": {
            "asap": "https://registry.npmjs.org/asap/-/asap-2.0.6.tgz"
          }
        },
        "setimmediate": {
          "version": "https://registry.npmjs.org/setimmediate/-/setimmediate-1.0.5.tgz",
          "integrity": "sha1-KQy7Iy4waULX1+qbg3Mqt4VvgoU=",
          "dev": true
        },
        "ua-parser-js": {
          "version": "https://registry.npmjs.org/ua-parser-js/-/ua-parser-js-0.7.13.tgz",
          "integrity": "sha1-zZ3S+GSTs/RNvu7zeA/adMXuFL4=",
          "dev": true
        }
      }
    },
    "react": {
      "version": "15.6.1",
      "resolved": "https://registry.npmjs.org/react/-/react-15.6.1.tgz",
      "integrity": "sha1-uqhDTsZ4C96ZfNw4C3nNM7ljk98=",
      "requires": {
        "create-react-class": "15.6.0",
        "fbjs": "https://registry.npmjs.org/fbjs/-/fbjs-0.8.12.tgz",
        "loose-envify": "https://registry.npmjs.org/loose-envify/-/loose-envify-1.3.1.tgz",
        "object-assign": "https://registry.npmjs.org/object-assign/-/object-assign-4.1.1.tgz",
        "prop-types": "https://registry.npmjs.org/prop-types/-/prop-types-15.5.10.tgz"
      },
      "dependencies": {
        "asap": {
          "version": "https://registry.npmjs.org/asap/-/asap-2.0.6.tgz",
          "integrity": "sha1-5QNHYR1+aQlDIIu9r+vLwvuGbUY="
        },
        "core-js": {
          "version": "https://registry.npmjs.org/core-js/-/core-js-1.2.7.tgz",
          "integrity": "sha1-ZSKUwUZR2yj6k70tX/KYOk8IxjY="
        },
        "fbjs": {
          "version": "https://registry.npmjs.org/fbjs/-/fbjs-0.8.12.tgz",
          "integrity": "sha1-ELXZL3bUVXX9Y6IX1OoCvqL47QQ=",
          "requires": {
            "core-js": "https://registry.npmjs.org/core-js/-/core-js-1.2.7.tgz",
            "isomorphic-fetch": "2.2.1",
            "loose-envify": "https://registry.npmjs.org/loose-envify/-/loose-envify-1.3.1.tgz",
            "object-assign": "https://registry.npmjs.org/object-assign/-/object-assign-4.1.1.tgz",
            "promise": "https://registry.npmjs.org/promise/-/promise-7.3.1.tgz",
            "setimmediate": "https://registry.npmjs.org/setimmediate/-/setimmediate-1.0.5.tgz",
            "ua-parser-js": "https://registry.npmjs.org/ua-parser-js/-/ua-parser-js-0.7.13.tgz"
          }
        },
        "js-tokens": {
          "version": "https://registry.npmjs.org/js-tokens/-/js-tokens-3.0.2.tgz",
          "integrity": "sha1-mGbfOVECEw449/mWvOtlRDIJwls="
        },
        "loose-envify": {
          "version": "https://registry.npmjs.org/loose-envify/-/loose-envify-1.3.1.tgz",
          "integrity": "sha1-0aitM/qc4OcT1l/dCsi3SNR4yEg=",
          "requires": {
            "js-tokens": "https://registry.npmjs.org/js-tokens/-/js-tokens-3.0.2.tgz"
          }
        },
        "object-assign": {
          "version": "https://registry.npmjs.org/object-assign/-/object-assign-4.1.1.tgz",
          "integrity": "sha1-IQmtx5ZYh8/AXLvUQsrIv7s2CGM="
        },
        "promise": {
          "version": "https://registry.npmjs.org/promise/-/promise-7.3.1.tgz",
          "integrity": "sha1-BktyYCsY+Q8pGSuLG8QY/9Hr078=",
          "requires": {
            "asap": "https://registry.npmjs.org/asap/-/asap-2.0.6.tgz"
          }
        },
        "prop-types": {
          "version": "https://registry.npmjs.org/prop-types/-/prop-types-15.5.10.tgz",
          "integrity": "sha1-J5ffwxJhguOpXj37suiT3ddFYVQ=",
          "requires": {
            "fbjs": "https://registry.npmjs.org/fbjs/-/fbjs-0.8.12.tgz",
            "loose-envify": "https://registry.npmjs.org/loose-envify/-/loose-envify-1.3.1.tgz"
          }
        },
        "setimmediate": {
          "version": "https://registry.npmjs.org/setimmediate/-/setimmediate-1.0.5.tgz",
          "integrity": "sha1-KQy7Iy4waULX1+qbg3Mqt4VvgoU="
        },
        "ua-parser-js": {
          "version": "https://registry.npmjs.org/ua-parser-js/-/ua-parser-js-0.7.13.tgz",
          "integrity": "sha1-zZ3S+GSTs/RNvu7zeA/adMXuFL4="
        }
      }
    },
    "react-dom": {
      "version": "15.6.1",
      "resolved": "https://registry.npmjs.org/react-dom/-/react-dom-15.6.1.tgz",
      "integrity": "sha1-LLDtQZEDjlPCCes6eaI+Kkz5lHA=",
      "requires": {
        "fbjs": "https://registry.npmjs.org/fbjs/-/fbjs-0.8.12.tgz",
        "loose-envify": "https://registry.npmjs.org/loose-envify/-/loose-envify-1.3.1.tgz",
        "object-assign": "https://registry.npmjs.org/object-assign/-/object-assign-4.1.1.tgz",
        "prop-types": "https://registry.npmjs.org/prop-types/-/prop-types-15.5.10.tgz"
      },
      "dependencies": {
        "asap": {
          "version": "https://registry.npmjs.org/asap/-/asap-2.0.6.tgz",
          "integrity": "sha1-5QNHYR1+aQlDIIu9r+vLwvuGbUY="
        },
        "core-js": {
          "version": "https://registry.npmjs.org/core-js/-/core-js-1.2.7.tgz",
          "integrity": "sha1-ZSKUwUZR2yj6k70tX/KYOk8IxjY="
        },
        "fbjs": {
          "version": "https://registry.npmjs.org/fbjs/-/fbjs-0.8.12.tgz",
          "integrity": "sha1-ELXZL3bUVXX9Y6IX1OoCvqL47QQ=",
          "requires": {
            "core-js": "https://registry.npmjs.org/core-js/-/core-js-1.2.7.tgz",
            "isomorphic-fetch": "2.2.1",
            "loose-envify": "https://registry.npmjs.org/loose-envify/-/loose-envify-1.3.1.tgz",
            "object-assign": "https://registry.npmjs.org/object-assign/-/object-assign-4.1.1.tgz",
            "promise": "https://registry.npmjs.org/promise/-/promise-7.3.1.tgz",
            "setimmediate": "https://registry.npmjs.org/setimmediate/-/setimmediate-1.0.5.tgz",
            "ua-parser-js": "https://registry.npmjs.org/ua-parser-js/-/ua-parser-js-0.7.13.tgz"
          }
        },
        "js-tokens": {
          "version": "https://registry.npmjs.org/js-tokens/-/js-tokens-3.0.2.tgz",
          "integrity": "sha1-mGbfOVECEw449/mWvOtlRDIJwls="
        },
        "loose-envify": {
          "version": "https://registry.npmjs.org/loose-envify/-/loose-envify-1.3.1.tgz",
          "integrity": "sha1-0aitM/qc4OcT1l/dCsi3SNR4yEg=",
          "requires": {
            "js-tokens": "https://registry.npmjs.org/js-tokens/-/js-tokens-3.0.2.tgz"
          }
        },
        "object-assign": {
          "version": "https://registry.npmjs.org/object-assign/-/object-assign-4.1.1.tgz",
          "integrity": "sha1-IQmtx5ZYh8/AXLvUQsrIv7s2CGM="
        },
        "promise": {
          "version": "https://registry.npmjs.org/promise/-/promise-7.3.1.tgz",
          "integrity": "sha1-BktyYCsY+Q8pGSuLG8QY/9Hr078=",
          "requires": {
            "asap": "https://registry.npmjs.org/asap/-/asap-2.0.6.tgz"
          }
        },
        "prop-types": {
          "version": "https://registry.npmjs.org/prop-types/-/prop-types-15.5.10.tgz",
          "integrity": "sha1-J5ffwxJhguOpXj37suiT3ddFYVQ=",
          "requires": {
            "fbjs": "https://registry.npmjs.org/fbjs/-/fbjs-0.8.12.tgz",
            "loose-envify": "https://registry.npmjs.org/loose-envify/-/loose-envify-1.3.1.tgz"
          }
        },
        "setimmediate": {
          "version": "https://registry.npmjs.org/setimmediate/-/setimmediate-1.0.5.tgz",
          "integrity": "sha1-KQy7Iy4waULX1+qbg3Mqt4VvgoU="
        },
        "ua-parser-js": {
          "version": "https://registry.npmjs.org/ua-parser-js/-/ua-parser-js-0.7.13.tgz",
          "integrity": "sha1-zZ3S+GSTs/RNvu7zeA/adMXuFL4="
        }
      }
    },
    "systemjs": {
      "version": "0.20.14",
      "resolved": "https://registry.npmjs.org/systemjs/-/systemjs-0.20.14.tgz",
      "integrity": "sha512-emxZNtgvuJgdTS5dWvq6kgbeY8aDunNTasMWCu6JTxlfS4nSyJ6++YdN07fdoMFpSExOXvcdneFuwLC5LhXGng==",
      "dev": true
    },
    "typescript": {
      "version": "2.4.0",
      "resolved": "https://registry.npmjs.org/typescript/-/typescript-2.4.0.tgz",
      "integrity": "sha1-rvWo1AS+ujatM5q/B53d3/+6ht0=",
      "dev": true
    }
  }
}
